// !$*UTF8*$!
{
	archiveVersion = 1;
	classes = {
	};
	objectVersion = 50;
	objects = {

/* Begin PBXBuildFile section */
		12A80D1923444B0E00FF0F48 /* AppDelegate.swift in Sources */ = {isa = PBXBuildFile; fileRef = 12A80D1823444B0E00FF0F48 /* AppDelegate.swift */; };
		12A80D1B23444B0E00FF0F48 /* SceneDelegate.swift in Sources */ = {isa = PBXBuildFile; fileRef = 12A80D1A23444B0E00FF0F48 /* SceneDelegate.swift */; };
		12A80D1D23444B0E00FF0F48 /* ContentView.swift in Sources */ = {isa = PBXBuildFile; fileRef = 12A80D1C23444B0E00FF0F48 /* ContentView.swift */; };
		12A80D1F23444B0F00FF0F48 /* Assets.xcassets in Resources */ = {isa = PBXBuildFile; fileRef = 12A80D1E23444B0F00FF0F48 /* Assets.xcassets */; };
		12A80D2223444B0F00FF0F48 /* Preview Assets.xcassets in Resources */ = {isa = PBXBuildFile; fileRef = 12A80D2123444B0F00FF0F48 /* Preview Assets.xcassets */; };
		12A80D2523444B0F00FF0F48 /* LaunchScreen.storyboard in Resources */ = {isa = PBXBuildFile; fileRef = 12A80D2323444B0F00FF0F48 /* LaunchScreen.storyboard */; };
		12A80D3023444B0F00FF0F48 /* E_bookTests.swift in Sources */ = {isa = PBXBuildFile; fileRef = 12A80D2F23444B0F00FF0F48 /* E_bookTests.swift */; };
		12A80D3B23444B0F00FF0F48 /* E_bookUITests.swift in Sources */ = {isa = PBXBuildFile; fileRef = 12A80D3A23444B0F00FF0F48 /* E_bookUITests.swift */; };
/* End PBXBuildFile section */

/* Begin PBXContainerItemProxy section */
		12A80D2C23444B0F00FF0F48 /* PBXContainerItemProxy */ = {
			isa = PBXContainerItemProxy;
			containerPortal = 12A80D0D23444B0E00FF0F48 /* Project object */;
			proxyType = 1;
			remoteGlobalIDString = 12A80D1423444B0E00FF0F48;
			remoteInfo = E_book;
		};
		12A80D3723444B0F00FF0F48 /* PBXContainerItemProxy */ = {
			isa = PBXContainerItemProxy;
			containerPortal = 12A80D0D23444B0E00FF0F48 /* Project object */;
			proxyType = 1;
			remoteGlobalIDString = 12A80D1423444B0E00FF0F48;
			remoteInfo = E_book;
		};
/* End PBXContainerItemProxy section */

/* Begin PBXFileReference section */
		12A80D1523444B0E00FF0F48 /* E_book.app */ = {isa = PBXFileReference; explicitFileType = wrapper.application; includeInIndex = 0; path = E_book.app; sourceTree = BUILT_PRODUCTS_DIR; };
		12A80D1823444B0E00FF0F48 /* AppDelegate.swift */ = {isa = PBXFileReference; lastKnownFileType = sourcecode.swift; path = AppDelegate.swift; sourceTree = "<group>"; };
		12A80D1A23444B0E00FF0F48 /* SceneDelegate.swift */ = {isa = PBXFileReference; lastKnownFileType = sourcecode.swift; path = SceneDelegate.swift; sourceTree = "<group>"; };
		12A80D1C23444B0E00FF0F48 /* ContentView.swift */ = {isa = PBXFileReference; lastKnownFileType = sourcecode.swift; path = ContentView.swift; sourceTree = "<group>"; };
		12A80D1E23444B0F00FF0F48 /* Assets.xcassets */ = {isa = PBXFileReference; lastKnownFileType = folder.assetcatalog; path = Assets.xcassets; sourceTree = "<group>"; };
		12A80D2123444B0F00FF0F48 /* Preview Assets.xcassets */ = {isa = PBXFileReference; lastKnownFileType = folder.assetcatalog; path = "Preview Assets.xcassets"; sourceTree = "<group>"; };
		12A80D2423444B0F00FF0F48 /* Base */ = {isa = PBXFileReference; lastKnownFileType = file.storyboard; name = Base; path = Base.lproj/LaunchScreen.storyboard; sourceTree = "<group>"; };
		12A80D2623444B0F00FF0F48 /* Info.plist */ = {isa = PBXFileReference; lastKnownFileType = text.plist.xml; path = Info.plist; sourceTree = "<group>"; };
		12A80D2B23444B0F00FF0F48 /* E_bookTests.xctest */ = {isa = PBXFileReference; explicitFileType = wrapper.cfbundle; includeInIndex = 0; path = E_bookTests.xctest; sourceTree = BUILT_PRODUCTS_DIR; };
		12A80D2F23444B0F00FF0F48 /* E_bookTests.swift */ = {isa = PBXFileReference; lastKnownFileType = sourcecode.swift; path = E_bookTests.swift; sourceTree = "<group>"; };
		12A80D3123444B0F00FF0F48 /* Info.plist */ = {isa = PBXFileReference; lastKnownFileType = text.plist.xml; path = Info.plist; sourceTree = "<group>"; };
		12A80D3623444B0F00FF0F48 /* E_bookUITests.xctest */ = {isa = PBXFileReference; explicitFileType = wrapper.cfbundle; includeInIndex = 0; path = E_bookUITests.xctest; sourceTree = BUILT_PRODUCTS_DIR; };
		12A80D3A23444B0F00FF0F48 /* E_bookUITests.swift */ = {isa = PBXFileReference; lastKnownFileType = sourcecode.swift; path = E_bookUITests.swift; sourceTree = "<group>"; };
		12A80D3C23444B0F00FF0F48 /* Info.plist */ = {isa = PBXFileReference; lastKnownFileType = text.plist.xml; path = Info.plist; sourceTree = "<group>"; };
/* End PBXFileReference section */

/* Begin PBXFrameworksBuildPhase section */
		12A80D1223444B0E00FF0F48 /* Frameworks */ = {
			isa = PBXFrameworksBuildPhase;
			buildActionMask = 2147483647;
			files = (
			);
			runOnlyForDeploymentPostprocessing = 0;
		};
		12A80D2823444B0F00FF0F48 /* Frameworks */ = {
			isa = PBXFrameworksBuildPhase;
			buildActionMask = 2147483647;
			files = (
			);
			runOnlyForDeploymentPostprocessing = 0;
		};
		12A80D3323444B0F00FF0F48 /* Frameworks */ = {
			isa = PBXFrameworksBuildPhase;
			buildActionMask = 2147483647;
			files = (
			);
			runOnlyForDeploymentPostprocessing = 0;
		};
/* End PBXFrameworksBuildPhase section */

/* Begin PBXGroup section */
		12A80D0C23444B0E00FF0F48 = {
			isa = PBXGroup;
			children = (
				12A80D1723444B0E00FF0F48 /* E_book */,
				12A80D2E23444B0F00FF0F48 /* E_bookTests */,
				12A80D3923444B0F00FF0F48 /* E_bookUITests */,
				12A80D1623444B0E00FF0F48 /* Products */,
			);
			sourceTree = "<group>";
		};
		12A80D1623444B0E00FF0F48 /* Products */ = {
			isa = PBXGroup;
			children = (
				12A80D1523444B0E00FF0F48 /* E_book.app */,
				12A80D2B23444B0F00FF0F48 /* E_bookTests.xctest */,
				12A80D3623444B0F00FF0F48 /* E_bookUITests.xctest */,
			);
			name = Products;
			sourceTree = "<group>";
		};
		12A80D1723444B0E00FF0F48 /* E_book */ = {
			isa = PBXGroup;
			children = (
				12A80D1823444B0E00FF0F48 /* AppDelegate.swift */,
				12A80D1A23444B0E00FF0F48 /* SceneDelegate.swift */,
				12A80D1C23444B0E00FF0F48 /* ContentView.swift */,
				12A80D1E23444B0F00FF0F48 /* Assets.xcassets */,
				12A80D2323444B0F00FF0F48 /* LaunchScreen.storyboard */,
				12A80D2623444B0F00FF0F48 /* Info.plist */,
				12A80D2023444B0F00FF0F48 /* Preview Content */,
			);
			path = E_book;
			sourceTree = "<group>";
		};
		12A80D2023444B0F00FF0F48 /* Preview Content */ = {
			isa = PBXGroup;
			children = (
				12A80D2123444B0F00FF0F48 /* Preview Assets.xcassets */,
			);
			path = "Preview Content";
			sourceTree = "<group>";
		};
		12A80D2E23444B0F00FF0F48 /* E_bookTests */ = {
			isa = PBXGroup;
			children = (
				12A80D2F23444B0F00FF0F48 /* E_bookTests.swift */,
				12A80D3123444B0F00FF0F48 /* Info.plist */,
			);
			path = E_bookTests;
			sourceTree = "<group>";
		};
		12A80D3923444B0F00FF0F48 /* E_bookUITests */ = {
			isa = PBXGroup;
			children = (
				12A80D3A23444B0F00FF0F48 /* E_bookUITests.swift */,
				12A80D3C23444B0F00FF0F48 /* Info.plist */,
			);
			path = E_bookUITests;
			sourceTree = "<group>";
		};
/* End PBXGroup section */

/* Begin PBXNativeTarget section */
		12A80D1423444B0E00FF0F48 /* E_book */ = {
			isa = PBXNativeTarget;
			buildConfigurationList = 12A80D3F23444B0F00FF0F48 /* Build configuration list for PBXNativeTarget "E_book" */;
			buildPhases = (
				12A80D1123444B0E00FF0F48 /* Sources */,
				12A80D1223444B0E00FF0F48 /* Frameworks */,
				12A80D1323444B0E00FF0F48 /* Resources */,
			);
			buildRules = (
			);
			dependencies = (
			);
			name = E_book;
			productName = E_book;
			productReference = 12A80D1523444B0E00FF0F48 /* E_book.app */;
			productType = "com.apple.product-type.application";
		};
		12A80D2A23444B0F00FF0F48 /* E_bookTests */ = {
			isa = PBXNativeTarget;
			buildConfigurationList = 12A80D4223444B0F00FF0F48 /* Build configuration list for PBXNativeTarget "E_bookTests" */;
			buildPhases = (
				12A80D2723444B0F00FF0F48 /* Sources */,
				12A80D2823444B0F00FF0F48 /* Frameworks */,
				12A80D2923444B0F00FF0F48 /* Resources */,
			);
			buildRules = (
			);
			dependencies = (
				12A80D2D23444B0F00FF0F48 /* PBXTargetDependency */,
			);
			name = E_bookTests;
			productName = E_bookTests;
			productReference = 12A80D2B23444B0F00FF0F48 /* E_bookTests.xctest */;
			productType = "com.apple.product-type.bundle.unit-test";
		};
		12A80D3523444B0F00FF0F48 /* E_bookUITests */ = {
			isa = PBXNativeTarget;
			buildConfigurationList = 12A80D4523444B0F00FF0F48 /* Build configuration list for PBXNativeTarget "E_bookUITests" */;
			buildPhases = (
				12A80D3223444B0F00FF0F48 /* Sources */,
				12A80D3323444B0F00FF0F48 /* Frameworks */,
				12A80D3423444B0F00FF0F48 /* Resources */,
			);
			buildRules = (
			);
			dependencies = (
				12A80D3823444B0F00FF0F48 /* PBXTargetDependency */,
			);
			name = E_bookUITests;
			productName = E_bookUITests;
			productReference = 12A80D3623444B0F00FF0F48 /* E_bookUITests.xctest */;
			productType = "com.apple.product-type.bundle.ui-testing";
		};
/* End PBXNativeTarget section */

/* Begin PBXProject section */
		12A80D0D23444B0E00FF0F48 /* Project object */ = {
			isa = PBXProject;
			attributes = {
				LastSwiftUpdateCheck = 1100;
				LastUpgradeCheck = 1100;
				ORGANIZATIONNAME = Chen_Yu_Hao;
				TargetAttributes = {
					12A80D1423444B0E00FF0F48 = {
						CreatedOnToolsVersion = 11.0;
					};
					12A80D2A23444B0F00FF0F48 = {
						CreatedOnToolsVersion = 11.0;
						TestTargetID = 12A80D1423444B0E00FF0F48;
					};
					12A80D3523444B0F00FF0F48 = {
						CreatedOnToolsVersion = 11.0;
						TestTargetID = 12A80D1423444B0E00FF0F48;
					};
				};
			};
			buildConfigurationList = 12A80D1023444B0E00FF0F48 /* Build configuration list for PBXProject "E_book" */;
			compatibilityVersion = "Xcode 9.3";
			developmentRegion = en;
			hasScannedForEncodings = 0;
			knownRegions = (
				en,
				Base,
			);
			mainGroup = 12A80D0C23444B0E00FF0F48;
			productRefGroup = 12A80D1623444B0E00FF0F48 /* Products */;
			projectDirPath = "";
			projectRoot = "";
			targets = (
				12A80D1423444B0E00FF0F48 /* E_book */,
				12A80D2A23444B0F00FF0F48 /* E_bookTests */,
				12A80D3523444B0F00FF0F48 /* E_bookUITests */,
			);
		};
/* End PBXProject section */

/* Begin PBXResourcesBuildPhase section */
		12A80D1323444B0E00FF0F48 /* Resources */ = {
			isa = PBXResourcesBuildPhase;
			buildActionMask = 2147483647;
			files = (
				12A80D2523444B0F00FF0F48 /* LaunchScreen.storyboard in Resources */,
				12A80D2223444B0F00FF0F48 /* Preview Assets.xcassets in Resources */,
				12A80D1F23444B0F00FF0F48 /* Assets.xcassets in Resources */,
			);
			runOnlyForDeploymentPostprocessing = 0;
		};
		12A80D2923444B0F00FF0F48 /* Resources */ = {
			isa = PBXResourcesBuildPhase;
			buildActionMask = 2147483647;
			files = (
			);
			runOnlyForDeploymentPostprocessing = 0;
		};
		12A80D3423444B0F00FF0F48 /* Resources */ = {
			isa = PBXResourcesBuildPhase;
			buildActionMask = 2147483647;
			files = (
			);
			runOnlyForDeploymentPostprocessing = 0;
		};
/* End PBXResourcesBuildPhase section */

/* Begin PBXSourcesBuildPhase section */
		12A80D1123444B0E00FF0F48 /* Sources */ = {
			isa = PBXSourcesBuildPhase;
			buildActionMask = 2147483647;
			files = (
				12A80D1923444B0E00FF0F48 /* AppDelegate.swift in Sources */,
				12A80D1B23444B0E00FF0F48 /* SceneDelegate.swift in Sources */,
				12A80D1D23444B0E00FF0F48 /* ContentView.swift in Sources */,
			);
			runOnlyForDeploymentPostprocessing = 0;
		};
		12A80D2723444B0F00FF0F48 /* Sources */ = {
			isa = PBXSourcesBuildPhase;
			buildActionMask = 2147483647;
			files = (
				12A80D3023444B0F00FF0F48 /* E_bookTests.swift in Sources */,
			);
			runOnlyForDeploymentPostprocessing = 0;
		};
		12A80D3223444B0F00FF0F48 /* Sources */ = {
			isa = PBXSourcesBuildPhase;
			buildActionMask = 2147483647;
			files = (
				12A80D3B23444B0F00FF0F48 /* E_bookUITests.swift in Sources */,
			);
			runOnlyForDeploymentPostprocessing = 0;
		};
/* End PBXSourcesBuildPhase section */

/* Begin PBXTargetDependency section */
		12A80D2D23444B0F00FF0F48 /* PBXTargetDependency */ = {
			isa = PBXTargetDependency;
			target = 12A80D1423444B0E00FF0F48 /* E_book */;
			targetProxy = 12A80D2C23444B0F00FF0F48 /* PBXContainerItemProxy */;
		};
		12A80D3823444B0F00FF0F48 /* PBXTargetDependency */ = {
			isa = PBXTargetDependency;
			target = 12A80D1423444B0E00FF0F48 /* E_book */;
			targetProxy = 12A80D3723444B0F00FF0F48 /* PBXContainerItemProxy */;
		};
/* End PBXTargetDependency section */

/* Begin PBXVariantGroup section */
		12A80D2323444B0F00FF0F48 /* LaunchScreen.storyboard */ = {
			isa = PBXVariantGroup;
			children = (
				12A80D2423444B0F00FF0F48 /* Base */,
			);
			name = LaunchScreen.storyboard;
			sourceTree = "<group>";
		};
/* End PBXVariantGroup section */

/* Begin XCBuildConfiguration section */
		12A80D3D23444B0F00FF0F48 /* Debug */ = {
			isa = XCBuildConfiguration;
			buildSettings = {
				ALWAYS_SEARCH_USER_PATHS = NO;
				CLANG_ANALYZER_NONNULL = YES;
				CLANG_ANALYZER_NUMBER_OBJECT_CONVERSION = YES_AGGRESSIVE;
				CLANG_CXX_LANGUAGE_STANDARD = "gnu++14";
				CLANG_CXX_LIBRARY = "libc++";
				CLANG_ENABLE_MODULES = YES;
				CLANG_ENABLE_OBJC_ARC = YES;
				CLANG_ENABLE_OBJC_WEAK = YES;
				CLANG_WARN_BLOCK_CAPTURE_AUTORELEASING = YES;
				CLANG_WARN_BOOL_CONVERSION = YES;
				CLANG_WARN_COMMA = YES;
				CLANG_WARN_CONSTANT_CONVERSION = YES;
				CLANG_WARN_DEPRECATED_OBJC_IMPLEMENTATIONS = YES;
				CLANG_WARN_DIRECT_OBJC_ISA_USAGE = YES_ERROR;
				CLANG_WARN_DOCUMENTATION_COMMENTS = YES;
				CLANG_WARN_EMPTY_BODY = YES;
				CLANG_WARN_ENUM_CONVERSION = YES;
				CLANG_WARN_INFINITE_RECURSION = YES;
				CLANG_WARN_INT_CONVERSION = YES;
				CLANG_WARN_NON_LITERAL_NULL_CONVERSION = YES;
				CLANG_WARN_OBJC_IMPLICIT_RETAIN_SELF = YES;
				CLANG_WARN_OBJC_LITERAL_CONVERSION = YES;
				CLANG_WARN_OBJC_ROOT_CLASS = YES_ERROR;
				CLANG_WARN_RANGE_LOOP_ANALYSIS = YES;
				CLANG_WARN_STRICT_PROTOTYPES = YES;
				CLANG_WARN_SUSPICIOUS_MOVE = YES;
				CLANG_WARN_UNGUARDED_AVAILABILITY = YES_AGGRESSIVE;
				CLANG_WARN_UNREACHABLE_CODE = YES;
				CLANG_WARN__DUPLICATE_METHOD_MATCH = YES;
				COPY_PHASE_STRIP = NO;
				DEBUG_INFORMATION_FORMAT = dwarf;
				ENABLE_STRICT_OBJC_MSGSEND = YES;
				ENABLE_TESTABILITY = YES;
				GCC_C_LANGUAGE_STANDARD = gnu11;
				GCC_DYNAMIC_NO_PIC = NO;
				GCC_NO_COMMON_BLOCKS = YES;
				GCC_OPTIMIZATION_LEVEL = 0;
				GCC_PREPROCESSOR_DEFINITIONS = (
					"DEBUG=1",
					"$(inherited)",
				);
				GCC_WARN_64_TO_32_BIT_CONVERSION = YES;
				GCC_WARN_ABOUT_RETURN_TYPE = YES_ERROR;
				GCC_WARN_UNDECLARED_SELECTOR = YES;
				GCC_WARN_UNINITIALIZED_AUTOS = YES_AGGRESSIVE;
				GCC_WARN_UNUSED_FUNCTION = YES;
				GCC_WARN_UNUSED_VARIABLE = YES;
				IPHONEOS_DEPLOYMENT_TARGET = 13.0;
				MTL_ENABLE_DEBUG_INFO = INCLUDE_SOURCE;
				MTL_FAST_MATH = YES;
				ONLY_ACTIVE_ARCH = YES;
				SDKROOT = iphoneos;
				SWIFT_ACTIVE_COMPILATION_CONDITIONS = DEBUG;
				SWIFT_OPTIMIZATION_LEVEL = "-Onone";
			};
			name = Debug;
		};
		12A80D3E23444B0F00FF0F48 /* Release */ = {
			isa = XCBuildConfiguration;
			buildSettings = {
				ALWAYS_SEARCH_USER_PATHS = NO;
				CLANG_ANALYZER_NONNULL = YES;
				CLANG_ANALYZER_NUMBER_OBJECT_CONVERSION = YES_AGGRESSIVE;
				CLANG_CXX_LANGUAGE_STANDARD = "gnu++14";
				CLANG_CXX_LIBRARY = "libc++";
				CLANG_ENABLE_MODULES = YES;
				CLANG_ENABLE_OBJC_ARC = YES;
				CLANG_ENABLE_OBJC_WEAK = YES;
				CLANG_WARN_BLOCK_CAPTURE_AUTORELEASING = YES;
				CLANG_WARN_BOOL_CONVERSION = YES;
				CLANG_WARN_COMMA = YES;
				CLANG_WARN_CONSTANT_CONVERSION = YES;
				CLANG_WARN_DEPRECATED_OBJC_IMPLEMENTATIONS = YES;
				CLANG_WARN_DIRECT_OBJC_ISA_USAGE = YES_ERROR;
				CLANG_WARN_DOCUMENTATION_COMMENTS = YES;
				CLANG_WARN_EMPTY_BODY = YES;
				CLANG_WARN_ENUM_CONVERSION = YES;
				CLANG_WARN_INFINITE_RECURSION = YES;
				CLANG_WARN_INT_CONVERSION = YES;
				CLANG_WARN_NON_LITERAL_NULL_CONVERSION = YES;
				CLANG_WARN_OBJC_IMPLICIT_RETAIN_SELF = YES;
				CLANG_WARN_OBJC_LITERAL_CONVERSION = YES;
				CLANG_WARN_OBJC_ROOT_CLASS = YES_ERROR;
				CLANG_WARN_RANGE_LOOP_ANALYSIS = YES;
				CLANG_WARN_STRICT_PROTOTYPES = YES;
				CLANG_WARN_SUSPICIOUS_MOVE = YES;
				CLANG_WARN_UNGUARDED_AVAILABILITY = YES_AGGRESSIVE;
				CLANG_WARN_UNREACHABLE_CODE = YES;
				CLANG_WARN__DUPLICATE_METHOD_MATCH = YES;
				COPY_PHASE_STRIP = NO;
				DEBUG_INFORMATION_FORMAT = "dwarf-with-dsym";
				ENABLE_NS_ASSERTIONS = NO;
				ENABLE_STRICT_OBJC_MSGSEND = YES;
				GCC_C_LANGUAGE_STANDARD = gnu11;
				GCC_NO_COMMON_BLOCKS = YES;
				GCC_WARN_64_TO_32_BIT_CONVERSION = YES;
				GCC_WARN_ABOUT_RETURN_TYPE = YES_ERROR;
				GCC_WARN_UNDECLARED_SELECTOR = YES;
				GCC_WARN_UNINITIALIZED_AUTOS = YES_AGGRESSIVE;
				GCC_WARN_UNUSED_FUNCTION = YES;
				GCC_WARN_UNUSED_VARIABLE = YES;
				IPHONEOS_DEPLOYMENT_TARGET = 13.0;
				MTL_ENABLE_DEBUG_INFO = NO;
				MTL_FAST_MATH = YES;
				SDKROOT = iphoneos;
				SWIFT_COMPILATION_MODE = wholemodule;
				SWIFT_OPTIMIZATION_LEVEL = "-O";
				VALIDATE_PRODUCT = YES;
			};
			name = Release;
		};
		12A80D4023444B0F00FF0F48 /* Debug */ = {
			isa = XCBuildConfiguration;
			buildSettings = {
				ASSETCATALOG_COMPILER_APPICON_NAME = AppIcon;
				CODE_SIGN_STYLE = Automatic;
				DEVELOPMENT_ASSET_PATHS = "\"E_book/Preview Content\"";
				ENABLE_PREVIEWS = YES;
				INFOPLIST_FILE = E_book/Info.plist;
				LD_RUNPATH_SEARCH_PATHS = (
					"$(inherited)",
					"@executable_path/Frameworks",
				);
				PRODUCT_BUNDLE_IDENTIFIER = "dte.E-book";
				PRODUCT_NAME = "$(TARGET_NAME)";
				SWIFT_VERSION = 5.0;
				TARGETED_DEVICE_FAMILY = "1,2";
			};
			name = Debug;
		};
		12A80D4123444B0F00FF0F48 /* Release */ = {
			isa = XCBuildConfiguration;
			buildSettings = {
				ASSETCATALOG_COMPILER_APPICON_NAME = AppIcon;
				CODE_SIGN_STYLE = Automatic;
				DEVELOPMENT_ASSET_PATHS = "\"E_book/Preview Content\"";
				ENABLE_PREVIEWS = YES;
				INFOPLIST_FILE = E_book/Info.plist;
				LD_RUNPATH_SEARCH_PATHS = (
					"$(inherited)",
					"@executable_path/Frameworks",
				);
				PRODUCT_BUNDLE_IDENTIFIER = "dte.E-book";
				PRODUCT_NAME = "$(TARGET_NAME)";
				SWIFT_VERSION = 5.0;
				TARGETED_DEVICE_FAMILY = "1,2";
			};
			name = Release;
		};
		12A80D4323444B0F00FF0F48 /* Debug */ = {
			isa = XCBuildConfiguration;
			buildSettings = {
				ALWAYS_EMBED_SWIFT_STANDARD_LIBRARIES = YES;
				BUNDLE_LOADER = "$(TEST_HOST)";
				CODE_SIGN_STYLE = Automatic;
				INFOPLIST_FILE = E_bookTests/Info.plist;
				IPHONEOS_DEPLOYMENT_TARGET = 13.0;
				LD_RUNPATH_SEARCH_PATHS = (
					"$(inherited)",
					"@executable_path/Frameworks",
					"@loader_path/Frameworks",
				);
				PRODUCT_BUNDLE_IDENTIFIER = "dte.E-bookTests";
				PRODUCT_NAME = "$(TARGET_NAME)";
				SWIFT_VERSION = 5.0;
				TARGETED_DEVICE_FAMILY = "1,2";
				TEST_HOST = "$(BUILT_PRODUCTS_DIR)/E_book.app/E_book";
			};
			name = Debug;
		};
		12A80D4423444B0F00FF0F48 /* Release */ = {
			isa = XCBuildConfiguration;
			buildSettings = {
				ALWAYS_EMBED_SWIFT_STANDARD_LIBRARIES = YES;
				BUNDLE_LOADER = "$(TEST_HOST)";
				CODE_SIGN_STYLE = Automatic;
				INFOPLIST_FILE = E_bookTests/Info.plist;
				IPHONEOS_DEPLOYMENT_TARGET = 13.0;
				LD_RUNPATH_SEARCH_PATHS = (
					"$(inherited)",
					"@executable_path/Frameworks",
					"@loader_path/Frameworks",
				);
				PRODUCT_BUNDLE_IDENTIFIER = "dte.E-bookTests";
				PRODUCT_NAME = "$(TARGET_NAME)";
				SWIFT_VERSION = 5.0;
				TARGETED_DEVICE_FAMILY = "1,2";
				TEST_HOST = "$(BUILT_PRODUCTS_DIR)/E_book.app/E_book";
			};
			name = Release;
		};
		12A80D4623444B0F00FF0F48 /* Debug */ = {
			isa = XCBuildConfiguration;
			buildSettings = {
				ALWAYS_EMBED_SWIFT_STANDARD_LIBRARIES = YES;
				CODE_SIGN_STYLE = Automatic;
				INFOPLIST_FILE = E_bookUITests/Info.plist;
				LD_RUNPATH_SEARCH_PATHS = (
					"$(inherited)",
					"@executable_path/Frameworks",
					"@loader_path/Frameworks",
				);
				PRODUCT_BUNDLE_IDENTIFIER = "dte.E-bookUITests";
				PRODUCT_NAME = "$(TARGET_NAME)";
				SWIFT_VERSION = 5.0;
				TARGETED_DEVICE_FAMILY = "1,2";
				TEST_TARGET_NAME = E_book;
			};
			name = Debug;
		};
		12A80D4723444B0F00FF0F48 /* Release */ = {
			isa = XCBuildConfiguration;
			buildSettings = {
				ALWAYS_EMBED_SWIFT_STANDARD_LIBRARIES = YES;
				CODE_SIGN_STYLE = Automatic;
				INFOPLIST_FILE = E_bookUITests/Info.plist;
				LD_RUNPATH_SEARCH_PATHS = (
					"$(inherited)",
					"@executable_path/Frameworks",
					"@loader_path/Frameworks",
				);
				PRODUCT_BUNDLE_IDENTIFIER = "dte.E-bookUITests";
				PRODUCT_NAME = "$(TARGET_NAME)";
				SWIFT_VERSION = 5.0;
				TARGETED_DEVICE_FAMILY = "1,2";
				TEST_TARGET_NAME = E_book;
			};
			name = Release;
		};
/* End XCBuildConfiguration section */

/* Begin XCConfigurationList section */
		12A80D1023444B0E00FF0F48 /* Build configuration list for PBXProject "E_book" */ = {
			isa = XCConfigurationList;
			buildConfigurations = (
				12A80D3D23444B0F00FF0F48 /* Debug */,
				12A80D3E23444B0F00FF0F48 /* Release */,
			);
			defaultConfigurationIsVisible = 0;
			defaultConfigurationName = Release;
		};
		12A80D3F23444B0F00FF0F48 /* Build configuration list for PBXNativeTarget "E_book" */ = {
			isa = XCConfigurationList;
			buildConfigurations = (
				12A80D4023444B0F00FF0F48 /* Debug */,
				12A80D4123444B0F00FF0F48 /* Release */,
			);
			defaultConfigurationIsVisible = 0;
			defaultConfigurationName = Release;
		};
		12A80D4223444B0F00FF0F48 /* Build configuration list for PBXNativeTarget "E_bookTests" */ = {
			isa = XCConfigurationList;
			buildConfigurations = (
				12A80D4323444B0F00FF0F48 /* Debug */,
				12A80D4423444B0F00FF0F48 /* Release */,
			);
			defaultConfigurationIsVisible = 0;
			defaultConfigurationName = Release;
		};
		12A80D4523444B0F00FF0F48 /* Build configuration list for PBXNativeTarget "E_bookUITests" */ = {
			isa = XCConfigurationList;
			buildConfigurations = (
				12A80D4623444B0F00FF0F48 /* Debug */,
				12A80D4723444B0F00FF0F48 /* Release */,
			);
			defaultConfigurationIsVisible = 0;
			defaultConfigurationName = Release;
		};
/* End XCConfigurationList section */
	};
	rootObject = 12A80D0D23444B0E00FF0F48 /* Project object */;
}
